
Microsoft Visual Studio Solution File, Format Version 12.00
# Visual Studio Version 17
VisualStudioVersion = 17.7.34202.233
MinimumVisualStudioVersion = 10.0.40219.1
Project("{FAE04EC0-301F-11D3-BF4B-00C04F79EFBC}") = "HackerrankFootballTotalGoals", "HackerrankFootballTotalGoals.csproj", "{B89A1596-017D-4131-9611-310ED1EA2FBC}"
EndProject
Global
	GlobalSection(SolutionConfigurationPlatforms) = preSolution
		Debug|Any CPU = Debug|Any CPU
		Release|Any CPU = Release|Any CPU
	EndGlobalSection
	GlobalSection(ProjectConfigurationPlatforms) = postSolution
		{B89A1596-017D-4131-9611-310ED1EA2FBC}.Debug|Any CPU.ActiveCfg = Debug|Any CPU
		{B89A1596-017D-4131-9611-310ED1EA2FBC}.Debug|Any CPU.Build.0 = Debug|Any CPU
		{B89A1596-017D-4131-9611-310ED1EA2FBC}.Release|Any CPU.ActiveCfg = Release|Any CPU
		{B89A1596-017D-4131-9611-310ED1EA2FBC}.Release|Any CPU.Build.0 = Release|Any CPU
	EndGlobalSection
	GlobalSection(SolutionProperties) = preSolution
		HideSolutionNode = FALSE
	EndGlobalSection
	GlobalSection(ExtensibilityGlobals) = postSolution
		SolutionGuid = {38BCDEE8-8B93-4F51-9DF2-90D23CDD83C7}
	EndGlobalSection
EndGlobal
